
Microsoft Visual Studio Solution File, Format Version 12.00
# Visual Studio Version 17
VisualStudioVersion = 17.10.35004.147
MinimumVisualStudioVersion = 10.0.40219.1
Project("{9A19103F-16F7-4668-BE54-9A1E7A4F7556}") = "TodoApp", "TodoApp.csproj", "{EFA297A1-1D91-4622-BF23-7FAB998110F9}"
EndProject
Project("{FAE04EC0-301F-11D3-BF4B-00C04F79EFBC}") = "TodoApp.Tests", "..\TodoApp.Tests\TodoApp.Tests.csproj", "{18E435D6-F463-4B84-8554-9069C5FE3DFF}"
EndProject
Global
	GlobalSection(SolutionConfigurationPlatforms) = preSolution
		Debug|Any CPU = Debug|Any CPU
		Release|Any CPU = Release|Any CPU
	EndGlobalSection
	GlobalSection(ProjectConfigurationPlatforms) = postSolution
		{EFA297A1-1D91-4622-BF23-7FAB998110F9}.Debug|Any CPU.ActiveCfg = Debug|Any CPU
		{EFA297A1-1D91-4622-BF23-7FAB998110F9}.Debug|Any CPU.Build.0 = Debug|Any CPU
		{EFA297A1-1D91-4622-BF23-7FAB998110F9}.Release|Any CPU.ActiveCfg = Release|Any CPU
		{EFA297A1-1D91-4622-BF23-7FAB998110F9}.Release|Any CPU.Build.0 = Release|Any CPU
		{18E435D6-F463-4B84-8554-9069C5FE3DFF}.Debug|Any CPU.ActiveCfg = Debug|Any CPU
		{18E435D6-F463-4B84-8554-9069C5FE3DFF}.Debug|Any CPU.Build.0 = Debug|Any CPU
		{18E435D6-F463-4B84-8554-9069C5FE3DFF}.Release|Any CPU.ActiveCfg = Release|Any CPU
		{18E435D6-F463-4B84-8554-9069C5FE3DFF}.Release|Any CPU.Build.0 = Release|Any CPU
	EndGlobalSection
	GlobalSection(SolutionProperties) = preSolution
		HideSolutionNode = FALSE
	EndGlobalSection
	GlobalSection(ExtensibilityGlobals) = postSolution
		SolutionGuid = {43CD4D00-DFCC-422B-999D-71F3472D2A8D}
	EndGlobalSection
EndGlobal
